# This file was autogenerated by Stack.
# You should not edit this file by hand.
# For more information, please see the documentation at:
#   https://docs.haskellstack.org/en/stable/lock_files

packages:
- completed:
    size: 94479
    subdir: genvalidity
    url: https://github.com/NorfairKing/validity/archive/a0fcd782138dac7200e6544c2f40208649ecb0e9.tar.gz
    name: genvalidity
    version: 0.9.1.0
    sha256: 1518276206ceda6da5165ed8d986437e0d75a769e263b9688e47a3792e5e4a10
    pantry-tree:
      size: 755
      sha256: 158420f6f2f034c6ef6732edce2eab8af759b467f8ed51f359fcbf61011fe59a
  original:
    subdir: genvalidity
    url: https://github.com/NorfairKing/validity/archive/a0fcd782138dac7200e6544c2f40208649ecb0e9.tar.gz
- completed:
    size: 94479
    subdir: genvalidity-aeson
    url: https://github.com/NorfairKing/validity/archive/a0fcd782138dac7200e6544c2f40208649ecb0e9.tar.gz
    name: genvalidity-aeson
    version: 0.3.0.0
    sha256: 1518276206ceda6da5165ed8d986437e0d75a769e263b9688e47a3792e5e4a10
    pantry-tree:
      size: 393
      sha256: 3677aefb210c0e37f3a859e51aa6975b5f1e9d817b4834478538c94263704eee
  original:
    subdir: genvalidity-aeson
    url: https://github.com/NorfairKing/validity/archive/a0fcd782138dac7200e6544c2f40208649ecb0e9.tar.gz
- completed:
    size: 94479
    subdir: genvalidity-bytestring
    url: https://github.com/NorfairKing/validity/archive/a0fcd782138dac7200e6544c2f40208649ecb0e9.tar.gz
    name: genvalidity-bytestring
    version: 0.5.0.0
    sha256: 1518276206ceda6da5165ed8d986437e0d75a769e263b9688e47a3792e5e4a10
    pantry-tree:
      size: 408
      sha256: cde0d6e8e873b58c6c12e7f7c865dc5a301e33927ed6b72b437d79110e323c2b
  original:
    subdir: genvalidity-bytestring
    url: https://github.com/NorfairKing/validity/archive/a0fcd782138dac7200e6544c2f40208649ecb0e9.tar.gz
- completed:
    size: 94479
    subdir: genvalidity-containers
    url: https://github.com/NorfairKing/validity/archive/a0fcd782138dac7200e6544c2f40208649ecb0e9.tar.gz
    name: genvalidity-containers
    version: 0.8.0.1
    sha256: 1518276206ceda6da5165ed8d986437e0d75a769e263b9688e47a3792e5e4a10
    pantry-tree:
      size: 978
      sha256: ebeaa521d69bf35e1b0c7dd7e5071160ed454145ce69c104f32bc03438055422
  original:
    subdir: genvalidity-containers
    url: https://github.com/NorfairKing/validity/archive/a0fcd782138dac7200e6544c2f40208649ecb0e9.tar.gz
- completed:
    size: 94479
    subdir: genvalidity-criterion
    url: https://github.com/NorfairKing/validity/archive/a0fcd782138dac7200e6544c2f40208649ecb0e9.tar.gz
    name: genvalidity-criterion
    version: 0.0.0.0
    sha256: 1518276206ceda6da5165ed8d986437e0d75a769e263b9688e47a3792e5e4a10
    pantry-tree:
      size: 283
      sha256: bea96f2daf785e8cd9bba94386ceb1e1275fbb5e1161d416fc2379927f2a03f3
  original:
    subdir: genvalidity-criterion
    url: https://github.com/NorfairKing/validity/archive/a0fcd782138dac7200e6544c2f40208649ecb0e9.tar.gz
- completed:
    size: 94479
    subdir: genvalidity-hspec
    url: https://github.com/NorfairKing/validity/archive/a0fcd782138dac7200e6544c2f40208649ecb0e9.tar.gz
    name: genvalidity-hspec
    version: 0.7.0.2
    sha256: 1518276206ceda6da5165ed8d986437e0d75a769e263b9688e47a3792e5e4a10
    pantry-tree:
      size: 2183
      sha256: ea3c206f82d54f9846e6716ab6f4dc3f38a57a4d701eff7b83b0b99ea3f0d41c
  original:
    subdir: genvalidity-hspec
    url: https://github.com/NorfairKing/validity/archive/a0fcd782138dac7200e6544c2f40208649ecb0e9.tar.gz
- completed:
    size: 94479
    subdir: genvalidity-hspec-aeson
    url: https://github.com/NorfairKing/validity/archive/a0fcd782138dac7200e6544c2f40208649ecb0e9.tar.gz
    name: genvalidity-hspec-aeson
    version: 0.3.1.0
    sha256: 1518276206ceda6da5165ed8d986437e0d75a769e263b9688e47a3792e5e4a10
    pantry-tree:
      size: 498
      sha256: 7bd96fba6c2983763052322b1fd6eee9351092b1faa7a9a0b8c2ca9e30c81112
  original:
    subdir: genvalidity-hspec-aeson
    url: https://github.com/NorfairKing/validity/archive/a0fcd782138dac7200e6544c2f40208649ecb0e9.tar.gz
- completed:
    size: 94479
    subdir: genvalidity-hspec-binary
    url: https://github.com/NorfairKing/validity/archive/a0fcd782138dac7200e6544c2f40208649ecb0e9.tar.gz
    name: genvalidity-hspec-binary
    version: 0.2.0.3
    sha256: 1518276206ceda6da5165ed8d986437e0d75a769e263b9688e47a3792e5e4a10
    pantry-tree:
      size: 498
      sha256: aebd6b94455c1d9a3cdfbff23ab524079ec4ef2b332d060618dd1b1a7151ceeb
  original:
    subdir: genvalidity-hspec-binary
    url: https://github.com/NorfairKing/validity/archive/a0fcd782138dac7200e6544c2f40208649ecb0e9.tar.gz
- completed:
    size: 94479
    subdir: genvalidity-hspec-cereal
    url: https://github.com/NorfairKing/validity/archive/a0fcd782138dac7200e6544c2f40208649ecb0e9.tar.gz
    name: genvalidity-hspec-cereal
    version: 0.2.0.3
    sha256: 1518276206ceda6da5165ed8d986437e0d75a769e263b9688e47a3792e5e4a10
    pantry-tree:
      size: 499
      sha256: 532c4096981bb35ed418ced80d62d5c2c0893e08f3d91af245d44ee4d74549d7
  original:
    subdir: genvalidity-hspec-cereal
    url: https://github.com/NorfairKing/validity/archive/a0fcd782138dac7200e6544c2f40208649ecb0e9.tar.gz
- completed:
    size: 94479
    subdir: genvalidity-hspec-hashable
    url: https://github.com/NorfairKing/validity/archive/a0fcd782138dac7200e6544c2f40208649ecb0e9.tar.gz
    name: genvalidity-hspec-hashable
    version: 0.2.0.4
    sha256: 1518276206ceda6da5165ed8d986437e0d75a769e263b9688e47a3792e5e4a10
    pantry-tree:
      size: 502
      sha256: 05bc50736030dec8ca44c9f977f9d6b65e21a8cfdd0fce9bec16c4449b290f08
  original:
    subdir: genvalidity-hspec-hashable
    url: https://github.com/NorfairKing/validity/archive/a0fcd782138dac7200e6544c2f40208649ecb0e9.tar.gz
- completed:
    size: 94479
    subdir: genvalidity-hspec-optics
    url: https://github.com/NorfairKing/validity/archive/a0fcd782138dac7200e6544c2f40208649ecb0e9.tar.gz
    name: genvalidity-hspec-optics
    version: 0.1.1.1
    sha256: 1518276206ceda6da5165ed8d986437e0d75a769e263b9688e47a3792e5e4a10
    pantry-tree:
      size: 501
      sha256: e66f8b067456346058e139a68e42350ff578547f059ed35cd621a7afb7482aa5
  original:
    subdir: genvalidity-hspec-optics
    url: https://github.com/NorfairKing/validity/archive/a0fcd782138dac7200e6544c2f40208649ecb0e9.tar.gz
- completed:
    size: 94479
    subdir: genvalidity-path
    url: https://github.com/NorfairKing/validity/archive/a0fcd782138dac7200e6544c2f40208649ecb0e9.tar.gz
    name: genvalidity-path
    version: 0.3.0.2
    sha256: 1518276206ceda6da5165ed8d986437e0d75a769e263b9688e47a3792e5e4a10
    pantry-tree:
      size: 396
      sha256: 4a404c4269b7ed9bc0ff55b485142b80a89af43eaf8f17966243451cf6e890b2
  original:
    subdir: genvalidity-path
    url: https://github.com/NorfairKing/validity/archive/a0fcd782138dac7200e6544c2f40208649ecb0e9.tar.gz
- completed:
    size: 94479
    subdir: genvalidity-property
    url: https://github.com/NorfairKing/validity/archive/a0fcd782138dac7200e6544c2f40208649ecb0e9.tar.gz
    name: genvalidity-property
    version: 0.5.0.1
    sha256: 1518276206ceda6da5165ed8d986437e0d75a769e263b9688e47a3792e5e4a10
    pantry-tree:
      size: 1923
      sha256: 2c7b7ea840e53a4d81a1aff1bb6553b5e951998db5e244ed329b2594ae2193a9
  original:
    subdir: genvalidity-property
    url: https://github.com/NorfairKing/validity/archive/a0fcd782138dac7200e6544c2f40208649ecb0e9.tar.gz
- completed:
    size: 94479
    subdir: genvalidity-scientific
    url: https://github.com/NorfairKing/validity/archive/a0fcd782138dac7200e6544c2f40208649ecb0e9.tar.gz
    name: genvalidity-scientific
    version: 0.2.1.0
    sha256: 1518276206ceda6da5165ed8d986437e0d75a769e263b9688e47a3792e5e4a10
    pantry-tree:
      size: 405
      sha256: 712ae09b3becc1f632d020407d882da5df9f940b9eb6facacd2f5254400f01b7
  original:
    subdir: genvalidity-scientific
    url: https://github.com/NorfairKing/validity/archive/a0fcd782138dac7200e6544c2f40208649ecb0e9.tar.gz
- completed:
    size: 94479
    subdir: genvalidity-text
    url: https://github.com/NorfairKing/validity/archive/a0fcd782138dac7200e6544c2f40208649ecb0e9.tar.gz
    name: genvalidity-text
    version: 0.7.0.1
    sha256: 1518276206ceda6da5165ed8d986437e0d75a769e263b9688e47a3792e5e4a10
    pantry-tree:
      size: 449
      sha256: c5ead3d9a9db47981ce2d1f0e631eac187391f6af493613142b80fefc85888d8
  original:
    subdir: genvalidity-text
    url: https://github.com/NorfairKing/validity/archive/a0fcd782138dac7200e6544c2f40208649ecb0e9.tar.gz
- completed:
    size: 94479
    subdir: genvalidity-time
    url: https://github.com/NorfairKing/validity/archive/a0fcd782138dac7200e6544c2f40208649ecb0e9.tar.gz
    name: genvalidity-time
    version: 0.2.1.1
    sha256: 1518276206ceda6da5165ed8d986437e0d75a769e263b9688e47a3792e5e4a10
    pantry-tree:
      size: 647
      sha256: 45d7af2712647fec971b3b7c81d27571331fd0250bfa15fab1692189c32767dc
  original:
    subdir: genvalidity-time
    url: https://github.com/NorfairKing/validity/archive/a0fcd782138dac7200e6544c2f40208649ecb0e9.tar.gz
- completed:
    size: 94479
    subdir: genvalidity-unordered-containers
    url: https://github.com/NorfairKing/validity/archive/a0fcd782138dac7200e6544c2f40208649ecb0e9.tar.gz
    name: genvalidity-unordered-containers
    version: 0.3.0.0
    sha256: 1518276206ceda6da5165ed8d986437e0d75a769e263b9688e47a3792e5e4a10
    pantry-tree:
      size: 564
      sha256: 58823e810929e8899130e5bafcf4140dd53945be6e46184e5860cb37b6c598cf
  original:
    subdir: genvalidity-unordered-containers
    url: https://github.com/NorfairKing/validity/archive/a0fcd782138dac7200e6544c2f40208649ecb0e9.tar.gz
- completed:
    size: 94479
    subdir: genvalidity-uuid
    url: https://github.com/NorfairKing/validity/archive/a0fcd782138dac7200e6544c2f40208649ecb0e9.tar.gz
    name: genvalidity-uuid
    version: 0.1.0.2
    sha256: 1518276206ceda6da5165ed8d986437e0d75a769e263b9688e47a3792e5e4a10
    pantry-tree:
      size: 341
      sha256: 3fe8bc6b82967d22c43855b064d81b430b6291c5e2954c9c23146c6a40a9a8c1
  original:
    subdir: genvalidity-uuid
    url: https://github.com/NorfairKing/validity/archive/a0fcd782138dac7200e6544c2f40208649ecb0e9.tar.gz
- completed:
    size: 94479
    subdir: genvalidity-vector
    url: https://github.com/NorfairKing/validity/archive/a0fcd782138dac7200e6544c2f40208649ecb0e9.tar.gz
    name: genvalidity-vector
    version: 0.3.0.0
    sha256: 1518276206ceda6da5165ed8d986437e0d75a769e263b9688e47a3792e5e4a10
    pantry-tree:
      size: 395
      sha256: 999df146a027c18a8f2e6c4096c26a1c9e8fde7bffbce37dc0f0e82e8d044595
  original:
    subdir: genvalidity-vector
    url: https://github.com/NorfairKing/validity/archive/a0fcd782138dac7200e6544c2f40208649ecb0e9.tar.gz
- completed:
    size: 94479
    subdir: validity
    url: https://github.com/NorfairKing/validity/archive/a0fcd782138dac7200e6544c2f40208649ecb0e9.tar.gz
    name: validity
    version: 0.9.0.2
    sha256: 1518276206ceda6da5165ed8d986437e0d75a769e263b9688e47a3792e5e4a10
    pantry-tree:
      size: 450
      sha256: 10de560dee0383f73cf1104850cfb00cd5739e2913e09aa292d118a9f3c8b7b9
  original:
    subdir: validity
    url: https://github.com/NorfairKing/validity/archive/a0fcd782138dac7200e6544c2f40208649ecb0e9.tar.gz
- completed:
    size: 94479
    subdir: validity-aeson
    url: https://github.com/NorfairKing/validity/archive/a0fcd782138dac7200e6544c2f40208649ecb0e9.tar.gz
    name: validity-aeson
    version: 0.2.0.2
    sha256: 1518276206ceda6da5165ed8d986437e0d75a769e263b9688e47a3792e5e4a10
    pantry-tree:
      size: 215
      sha256: 6a19400ec07079c7707ff6f92363f201fd150776708b49b2a56fe57939a2b9e1
  original:
    subdir: validity-aeson
    url: https://github.com/NorfairKing/validity/archive/a0fcd782138dac7200e6544c2f40208649ecb0e9.tar.gz
- completed:
    size: 94479
    subdir: validity-bytestring
    url: https://github.com/NorfairKing/validity/archive/a0fcd782138dac7200e6544c2f40208649ecb0e9.tar.gz
    name: validity-bytestring
    version: 0.4.1.0
    sha256: 1518276206ceda6da5165ed8d986437e0d75a769e263b9688e47a3792e5e4a10
    pantry-tree:
      size: 273
      sha256: 1b9767751ce37a271398a6470729baf653b47e84e7d929113c381333fded39ff
  original:
    subdir: validity-bytestring
    url: https://github.com/NorfairKing/validity/archive/a0fcd782138dac7200e6544c2f40208649ecb0e9.tar.gz
- completed:
    size: 94479
    subdir: validity-containers
    url: https://github.com/NorfairKing/validity/archive/a0fcd782138dac7200e6544c2f40208649ecb0e9.tar.gz
    name: validity-containers
    version: 0.5.0.0
    sha256: 1518276206ceda6da5165ed8d986437e0d75a769e263b9688e47a3792e5e4a10
    pantry-tree:
      size: 534
      sha256: 21c80f92bd55f152598713eb47fa82aba1dcac98e30c5f830d26f5f2851e4f37
  original:
    subdir: validity-containers
    url: https://github.com/NorfairKing/validity/archive/a0fcd782138dac7200e6544c2f40208649ecb0e9.tar.gz
- completed:
    size: 94479
    subdir: validity-path
    url: https://github.com/NorfairKing/validity/archive/a0fcd782138dac7200e6544c2f40208649ecb0e9.tar.gz
    name: validity-path
    version: 0.4.0.0
    sha256: 1518276206ceda6da5165ed8d986437e0d75a769e263b9688e47a3792e5e4a10
    pantry-tree:
      size: 389
      sha256: 6db6e6d7fb62ae9a3b91478f6c03cbdda0505717a759ed1aa40e9ec9b9bb8564
  original:
    subdir: validity-path
    url: https://github.com/NorfairKing/validity/archive/a0fcd782138dac7200e6544c2f40208649ecb0e9.tar.gz
- completed:
    size: 94479
    subdir: validity-primitive
    url: https://github.com/NorfairKing/validity/archive/a0fcd782138dac7200e6544c2f40208649ecb0e9.tar.gz
    name: validity-primitive
    version: 0.0.0.0
    sha256: 1518276206ceda6da5165ed8d986437e0d75a769e263b9688e47a3792e5e4a10
    pantry-tree:
      size: 219
      sha256: 788a0685a7c29fe1e29dd104d12cdec260984448cb4884d88f614152f86a617d
  original:
    subdir: validity-primitive
    url: https://github.com/NorfairKing/validity/archive/a0fcd782138dac7200e6544c2f40208649ecb0e9.tar.gz
- completed:
    size: 94479
    subdir: validity-scientific
    url: https://github.com/NorfairKing/validity/archive/a0fcd782138dac7200e6544c2f40208649ecb0e9.tar.gz
    name: validity-scientific
    version: 0.2.0.2
    sha256: 1518276206ceda6da5165ed8d986437e0d75a769e263b9688e47a3792e5e4a10
    pantry-tree:
      size: 220
      sha256: 9bd610f4eb2b23ff98f21ebd18f7144d1b9aa7f8f3850b92b0c2cf7cfb393c6b
  original:
    subdir: validity-scientific
    url: https://github.com/NorfairKing/validity/archive/a0fcd782138dac7200e6544c2f40208649ecb0e9.tar.gz
- completed:
    size: 94479
    subdir: validity-text
    url: https://github.com/NorfairKing/validity/archive/a0fcd782138dac7200e6544c2f40208649ecb0e9.tar.gz
    name: validity-text
    version: 0.3.1.0
    sha256: 1518276206ceda6da5165ed8d986437e0d75a769e263b9688e47a3792e5e4a10
    pantry-tree:
      size: 267
      sha256: d518cda143cbce68ca12fd0b316c63c9c1af7b927f7410d876d6989133a4e173
  original:
    subdir: validity-text
    url: https://github.com/NorfairKing/validity/archive/a0fcd782138dac7200e6544c2f40208649ecb0e9.tar.gz
- completed:
    size: 94479
    subdir: validity-time
    url: https://github.com/NorfairKing/validity/archive/a0fcd782138dac7200e6544c2f40208649ecb0e9.tar.gz
    name: validity-time
    version: 0.2.0.2
    sha256: 1518276206ceda6da5165ed8d986437e0d75a769e263b9688e47a3792e5e4a10
    pantry-tree:
      size: 508
      sha256: 922ee1d731b2b32b33c664899013fb9f4f1a9d6c9ecf139e210a489abde7b315
  original:
    subdir: validity-time
    url: https://github.com/NorfairKing/validity/archive/a0fcd782138dac7200e6544c2f40208649ecb0e9.tar.gz
- completed:
    size: 94479
    subdir: validity-unordered-containers
    url: https://github.com/NorfairKing/validity/archive/a0fcd782138dac7200e6544c2f40208649ecb0e9.tar.gz
    name: validity-unordered-containers
    version: 0.2.0.2
    sha256: 1518276206ceda6da5165ed8d986437e0d75a769e263b9688e47a3792e5e4a10
    pantry-tree:
      size: 365
      sha256: bb587db1f36a689d01c77ef51238666613e5b4151b85a7f94d0c080d8c3a6ae3
  original:
    subdir: validity-unordered-containers
    url: https://github.com/NorfairKing/validity/archive/a0fcd782138dac7200e6544c2f40208649ecb0e9.tar.gz
- completed:
    size: 94479
    subdir: validity-uuid
    url: https://github.com/NorfairKing/validity/archive/a0fcd782138dac7200e6544c2f40208649ecb0e9.tar.gz
    name: validity-uuid
    version: 0.1.0.2
    sha256: 1518276206ceda6da5165ed8d986437e0d75a769e263b9688e47a3792e5e4a10
    pantry-tree:
      size: 214
      sha256: dfb2c88e3e57bcbc7965f6b76fd07bc2b2e23a773405373cc64668e45bd6dc93
  original:
    subdir: validity-uuid
    url: https://github.com/NorfairKing/validity/archive/a0fcd782138dac7200e6544c2f40208649ecb0e9.tar.gz
- completed:
    size: 94479
    subdir: validity-vector
    url: https://github.com/NorfairKing/validity/archive/a0fcd782138dac7200e6544c2f40208649ecb0e9.tar.gz
    name: validity-vector
    version: 0.2.0.2
    sha256: 1518276206ceda6da5165ed8d986437e0d75a769e263b9688e47a3792e5e4a10
    pantry-tree:
      size: 216
      sha256: 82160689c868ab8c2817f29586d43380e940f7546f33b8feef0ff71841561b5a
  original:
    subdir: validity-vector
    url: https://github.com/NorfairKing/validity/archive/a0fcd782138dac7200e6544c2f40208649ecb0e9.tar.gz
snapshots:
- completed:
    size: 523700
    url: https://raw.githubusercontent.com/commercialhaskell/stackage-snapshots/master/lts/14/7.yaml
    sha256: 8e3f3c894be74d71fa4bf085e0a8baae7e4d7622d07ea31a52736b80f8b9bb1a
  original: lts-14.7
